
Microsoft Visual Studio Solution File, Format Version 12.00
# Visual Studio Version 16
VisualStudioVersion = 16.0.30225.117
MinimumVisualStudioVersion = 10.0.40219.1
Project("{FAE04EC0-301F-11D3-BF4B-00C04F79EFBC}") = "PRODUCTOS_COTEMAR", "PRODUCTOS_COTEMAR.csproj", "{FD3A6039-1755-49D6-AEFC-690C4BDC3743}"
EndProject
Global
	GlobalSection(SolutionConfigurationPlatforms) = preSolution
		Debug|Any CPU = Debug|Any CPU
		Release|Any CPU = Release|Any CPU
	EndGlobalSection
	GlobalSection(ProjectConfigurationPlatforms) = postSolution
		{FD3A6039-1755-49D6-AEFC-690C4BDC3743}.Debug|Any CPU.ActiveCfg = Debug|Any CPU
		{FD3A6039-1755-49D6-AEFC-690C4BDC3743}.Debug|Any CPU.Build.0 = Debug|Any CPU
		{FD3A6039-1755-49D6-AEFC-690C4BDC3743}.Release|Any CPU.ActiveCfg = Release|Any CPU
		{FD3A6039-1755-49D6-AEFC-690C4BDC3743}.Release|Any CPU.Build.0 = Release|Any CPU
	EndGlobalSection
	GlobalSection(SolutionProperties) = preSolution
		HideSolutionNode = FALSE
	EndGlobalSection
	GlobalSection(ExtensibilityGlobals) = postSolution
		SolutionGuid = {FBD8EC19-75AC-4647-AD51-7506014D4189}
	EndGlobalSection
EndGlobal
